// !$*UTF8*$!
{
	archiveVersion = 1;
	classes = {
	};
	objectVersion = 56;
	objects = {

/* Begin PBXBuildFile section */
		AF3F719628D78CB000000559 /* AppDelegate.swift in Sources */ = {isa = PBXBuildFile; fileRef = AF3F719528D78CB000000559 /* AppDelegate.swift */; };
		AF3F719828D78CB000000559 /* SceneDelegate.swift in Sources */ = {isa = PBXBuildFile; fileRef = AF3F719728D78CB000000559 /* SceneDelegate.swift */; };
		AF3F719A28D78CB000000559 /* ViewController.swift in Sources */ = {isa = PBXBuildFile; fileRef = AF3F719928D78CB000000559 /* ViewController.swift */; };
		AF3F719D28D78CB000000559 /* Main.storyboard in Resources */ = {isa = PBXBuildFile; fileRef = AF3F719B28D78CB000000559 /* Main.storyboard */; };
		AF3F719F28D78CB100000559 /* Assets.xcassets in Resources */ = {isa = PBXBuildFile; fileRef = AF3F719E28D78CB100000559 /* Assets.xcassets */; };
		AF3F71A228D78CB100000559 /* LaunchScreen.storyboard in Resources */ = {isa = PBXBuildFile; fileRef = AF3F71A028D78CB100000559 /* LaunchScreen.storyboard */; };
		AF3F71B728D78D2E00000559 /* GesturedeckiOS.framework in Frameworks */ = {isa = PBXBuildFile; fileRef = AF3F71B528D78D1C00000559 /* GesturedeckiOS.framework */; };
		AF3F71B828D78D2E00000559 /* GesturedeckiOS.framework in Embed Frameworks */ = {isa = PBXBuildFile; fileRef = AF3F71B528D78D1C00000559 /* GesturedeckiOS.framework */; settings = {ATTRIBUTES = (CodeSignOnCopy, RemoveHeadersOnCopy, ); }; };
/* End PBXBuildFile section */

/* Begin PBXContainerItemProxy section */
		AF3F71B428D78D1C00000559 /* PBXContainerItemProxy */ = {
			isa = PBXContainerItemProxy;
			containerPortal = AF3F71B028D78D1C00000559 /* GesturedeckiOS.xcodeproj */;
			proxyType = 2;
			remoteGlobalIDString = AF970E90271765A10048D167;
			remoteInfo = GesturedeckiOS;
		};
/* End PBXContainerItemProxy section */

/* Begin PBXCopyFilesBuildPhase section */
		AF3F71B928D78D2E00000559 /* Embed Frameworks */ = {
			isa = PBXCopyFilesBuildPhase;
			buildActionMask = 2147483647;
			dstPath = "";
			dstSubfolderSpec = 10;
			files = (
				AF3F71B828D78D2E00000559 /* GesturedeckiOS.framework in Embed Frameworks */,
			);
			name = "Embed Frameworks";
			runOnlyForDeploymentPostprocessing = 0;
		};
/* End PBXCopyFilesBuildPhase section */

/* Begin PBXFileReference section */
		AF3F719228D78CB000000559 /* Gesturedeck app.app */ = {isa = PBXFileReference; explicitFileType = wrapper.application; includeInIndex = 0; path = "Gesturedeck app.app"; sourceTree = BUILT_PRODUCTS_DIR; };
		AF3F719528D78CB000000559 /* AppDelegate.swift */ = {isa = PBXFileReference; lastKnownFileType = sourcecode.swift; path = AppDelegate.swift; sourceTree = "<group>"; };
		AF3F719728D78CB000000559 /* SceneDelegate.swift */ = {isa = PBXFileReference; lastKnownFileType = sourcecode.swift; path = SceneDelegate.swift; sourceTree = "<group>"; };
		AF3F719928D78CB000000559 /* ViewController.swift */ = {isa = PBXFileReference; lastKnownFileType = sourcecode.swift; path = ViewController.swift; sourceTree = "<group>"; };
		AF3F719C28D78CB000000559 /* Base */ = {isa = PBXFileReference; lastKnownFileType = file.storyboard; name = Base; path = Base.lproj/Main.storyboard; sourceTree = "<group>"; };
		AF3F719E28D78CB100000559 /* Assets.xcassets */ = {isa = PBXFileReference; lastKnownFileType = folder.assetcatalog; path = Assets.xcassets; sourceTree = "<group>"; };
		AF3F71A128D78CB100000559 /* Base */ = {isa = PBXFileReference; lastKnownFileType = file.storyboard; name = Base; path = Base.lproj/LaunchScreen.storyboard; sourceTree = "<group>"; };
		AF3F71A328D78CB100000559 /* Info.plist */ = {isa = PBXFileReference; lastKnownFileType = text.plist.xml; path = Info.plist; sourceTree = "<group>"; };
		AF3F71B028D78D1C00000559 /* GesturedeckiOS.xcodeproj */ = {isa = PBXFileReference; lastKnownFileType = "wrapper.pb-project"; name = GesturedeckiOS.xcodeproj; path = "../../gesturedeck-ios/GesturedeckiOS.xcodeproj"; sourceTree = "<group>"; };
/* End PBXFileReference section */

/* Begin PBXFrameworksBuildPhase section */
		AF3F718F28D78CB000000559 /* Frameworks */ = {
			isa = PBXFrameworksBuildPhase;
			buildActionMask = 2147483647;
			files = (
				AF3F71B728D78D2E00000559 /* GesturedeckiOS.framework in Frameworks */,
			);
			runOnlyForDeploymentPostprocessing = 0;
		};
/* End PBXFrameworksBuildPhase section */

/* Begin PBXGroup section */
		AF3F718928D78CB000000559 = {
			isa = PBXGroup;
			children = (
				AF3F719428D78CB000000559 /* Gesturedeck app */,
				AF3F719328D78CB000000559 /* Products */,
				AF3F71B628D78D2E00000559 /* Frameworks */,
			);
			sourceTree = "<group>";
		};
		AF3F719328D78CB000000559 /* Products */ = {
			isa = PBXGroup;
			children = (
				AF3F719228D78CB000000559 /* Gesturedeck app.app */,
			);
			name = Products;
			sourceTree = "<group>";
		};
		AF3F719428D78CB000000559 /* Gesturedeck app */ = {
			isa = PBXGroup;
			children = (
				AF3F71B028D78D1C00000559 /* GesturedeckiOS.xcodeproj */,
				AF3F719528D78CB000000559 /* AppDelegate.swift */,
				AF3F719728D78CB000000559 /* SceneDelegate.swift */,
				AF3F719928D78CB000000559 /* ViewController.swift */,
				AF3F719B28D78CB000000559 /* Main.storyboard */,
				AF3F719E28D78CB100000559 /* Assets.xcassets */,
				AF3F71A028D78CB100000559 /* LaunchScreen.storyboard */,
				AF3F71A328D78CB100000559 /* Info.plist */,
			);
			path = "Gesturedeck app";
			sourceTree = "<group>";
		};
		AF3F71B128D78D1C00000559 /* Products */ = {
			isa = PBXGroup;
			children = (
				AF3F71B528D78D1C00000559 /* GesturedeckiOS.framework */,
			);
			name = Products;
			sourceTree = "<group>";
		};
		AF3F71B628D78D2E00000559 /* Frameworks */ = {
			isa = PBXGroup;
			children = (
			);
			name = Frameworks;
			sourceTree = "<group>";
		};
/* End PBXGroup section */

/* Begin PBXNativeTarget section */
		AF3F719128D78CB000000559 /* Gesturedeck app */ = {
			isa = PBXNativeTarget;
			buildConfigurationList = AF3F71A628D78CB100000559 /* Build configuration list for PBXNativeTarget "Gesturedeck app" */;
			buildPhases = (
				AF3F718E28D78CB000000559 /* Sources */,
				AF3F718F28D78CB000000559 /* Frameworks */,
				AF3F719028D78CB000000559 /* Resources */,
				AF3F71B928D78D2E00000559 /* Embed Frameworks */,
			);
			buildRules = (
			);
			dependencies = (
			);
			name = "Gesturedeck app";
			productName = "Gesturedeck app";
			productReference = AF3F719228D78CB000000559 /* Gesturedeck app.app */;
			productType = "com.apple.product-type.application";
		};
/* End PBXNativeTarget section */

/* Begin PBXProject section */
		AF3F718A28D78CB000000559 /* Project object */ = {
			isa = PBXProject;
			attributes = {
				BuildIndependentTargetsInParallel = 1;
				LastSwiftUpdateCheck = 1400;
				LastUpgradeCheck = 1400;
				TargetAttributes = {
					AF3F719128D78CB000000559 = {
						CreatedOnToolsVersion = 14.0;
					};
				};
			};
			buildConfigurationList = AF3F718D28D78CB000000559 /* Build configuration list for PBXProject "Gesturedeck app" */;
			compatibilityVersion = "Xcode 14.0";
			developmentRegion = en;
			hasScannedForEncodings = 0;
			knownRegions = (
				en,
				Base,
			);
			mainGroup = AF3F718928D78CB000000559;
			productRefGroup = AF3F719328D78CB000000559 /* Products */;
			projectDirPath = "";
			projectReferences = (
				{
					ProductGroup = AF3F71B128D78D1C00000559 /* Products */;
					ProjectRef = AF3F71B028D78D1C00000559 /* GesturedeckiOS.xcodeproj */;
				},
			);
			projectRoot = "";
			targets = (
				AF3F719128D78CB000000559 /* Gesturedeck app */,
			);
		};
/* End PBXProject section */

/* Begin PBXReferenceProxy section */
		AF3F71B528D78D1C00000559 /* GesturedeckiOS.framework */ = {
			isa = PBXReferenceProxy;
			fileType = wrapper.framework;
			path = GesturedeckiOS.framework;
			remoteRef = AF3F71B428D78D1C00000559 /* PBXContainerItemProxy */;
			sourceTree = BUILT_PRODUCTS_DIR;
		};
/* End PBXReferenceProxy section */

/* Begin PBXResourcesBuildPhase section */
		AF3F719028D78CB000000559 /* Resources */ = {
			isa = PBXResourcesBuildPhase;
			buildActionMask = 2147483647;
			files = (
				AF3F71A228D78CB100000559 /* LaunchScreen.storyboard in Resources */,
				AF3F719F28D78CB100000559 /* Assets.xcassets in Resources */,
				AF3F719D28D78CB000000559 /* Main.storyboard in Resources */,
			);
			runOnlyForDeploymentPostprocessing = 0;
		};
/* End PBXResourcesBuildPhase section */

/* Begin PBXSourcesBuildPhase section */
		AF3F718E28D78CB000000559 /* Sources */ = {
			isa = PBXSourcesBuildPhase;
			buildActionMask = 2147483647;
			files = (
				AF3F719A28D78CB000000559 /* ViewController.swift in Sources */,
				AF3F719628D78CB000000559 /* AppDelegate.swift in Sources */,
				AF3F719828D78CB000000559 /* SceneDelegate.swift in Sources */,
			);
			runOnlyForDeploymentPostprocessing = 0;
		};
/* End PBXSourcesBuildPhase section */

/* Begin PBXVariantGroup section */
		AF3F719B28D78CB000000559 /* Main.storyboard */ = {
			isa = PBXVariantGroup;
			children = (
				AF3F719C28D78CB000000559 /* Base */,
			);
			name = Main.storyboard;
			sourceTree = "<group>";
		};
		AF3F71A028D78CB100000559 /* LaunchScreen.storyboard */ = {
			isa = PBXVariantGroup;
			children = (
				AF3F71A128D78CB100000559 /* Base */,
			);
			name = LaunchScreen.storyboard;
			sourceTree = "<group>";
		};
/* End PBXVariantGroup section */

/* Begin XCBuildConfiguration section */
		AF3F71A428D78CB100000559 /* Debug */ = {
			isa = XCBuildConfiguration;
			buildSettings = {
				ALWAYS_SEARCH_USER_PATHS = NO;
				CLANG_ANALYZER_NONNULL = YES;
				CLANG_ANALYZER_NUMBER_OBJECT_CONVERSION = YES_AGGRESSIVE;
				CLANG_CXX_LANGUAGE_STANDARD = "gnu++20";
				CLANG_ENABLE_MODULES = YES;
				CLANG_ENABLE_OBJC_ARC = YES;
				CLANG_ENABLE_OBJC_WEAK = YES;
				CLANG_WARN_BLOCK_CAPTURE_AUTORELEASING = YES;
				CLANG_WARN_BOOL_CONVERSION = YES;
				CLANG_WARN_COMMA = YES;
				CLANG_WARN_CONSTANT_CONVERSION = YES;
				CLANG_WARN_DEPRECATED_OBJC_IMPLEMENTATIONS = YES;
				CLANG_WARN_DIRECT_OBJC_ISA_USAGE = YES_ERROR;
				CLANG_WARN_DOCUMENTATION_COMMENTS = YES;
				CLANG_WARN_EMPTY_BODY = YES;
				CLANG_WARN_ENUM_CONVERSION = YES;
				CLANG_WARN_INFINITE_RECURSION = YES;
				CLANG_WARN_INT_CONVERSION = YES;
				CLANG_WARN_NON_LITERAL_NULL_CONVERSION = YES;
				CLANG_WARN_OBJC_IMPLICIT_RETAIN_SELF = YES;
				CLANG_WARN_OBJC_LITERAL_CONVERSION = YES;
				CLANG_WARN_OBJC_ROOT_CLASS = YES_ERROR;
				CLANG_WARN_QUOTED_INCLUDE_IN_FRAMEWORK_HEADER = YES;
				CLANG_WARN_RANGE_LOOP_ANALYSIS = YES;
				CLANG_WARN_STRICT_PROTOTYPES = YES;
				CLANG_WARN_SUSPICIOUS_MOVE = YES;
				CLANG_WARN_UNGUARDED_AVAILABILITY = YES_AGGRESSIVE;
				CLANG_WARN_UNREACHABLE_CODE = YES;
				CLANG_WARN__DUPLICATE_METHOD_MATCH = YES;
				COPY_PHASE_STRIP = NO;
				DEBUG_INFORMATION_FORMAT = dwarf;
				ENABLE_STRICT_OBJC_MSGSEND = YES;
				ENABLE_TESTABILITY = YES;
				GCC_C_LANGUAGE_STANDARD = gnu11;
				GCC_DYNAMIC_NO_PIC = NO;
				GCC_NO_COMMON_BLOCKS = YES;
				GCC_OPTIMIZATION_LEVEL = 0;
				GCC_PREPROCESSOR_DEFINITIONS = (
					"DEBUG=1",
					"$(inherited)",
				);
				GCC_WARN_64_TO_32_BIT_CONVERSION = YES;
				GCC_WARN_ABOUT_RETURN_TYPE = YES_ERROR;
				GCC_WARN_UNDECLARED_SELECTOR = YES;
				GCC_WARN_UNINITIALIZED_AUTOS = YES_AGGRESSIVE;
				GCC_WARN_UNUSED_FUNCTION = YES;
				GCC_WARN_UNUSED_VARIABLE = YES;
				IPHONEOS_DEPLOYMENT_TARGET = 16.0;
				MTL_ENABLE_DEBUG_INFO = INCLUDE_SOURCE;
				MTL_FAST_MATH = YES;
				ONLY_ACTIVE_ARCH = YES;
				SDKROOT = iphoneos;
				SWIFT_ACTIVE_COMPILATION_CONDITIONS = DEBUG;
				SWIFT_OPTIMIZATION_LEVEL = "-Onone";
			};
			name = Debug;
		};
		AF3F71A528D78CB100000559 /* Release */ = {
			isa = XCBuildConfiguration;
			buildSettings = {
				ALWAYS_SEARCH_USER_PATHS = NO;
				CLANG_ANALYZER_NONNULL = YES;
				CLANG_ANALYZER_NUMBER_OBJECT_CONVERSION = YES_AGGRESSIVE;
				CLANG_CXX_LANGUAGE_STANDARD = "gnu++20";
				CLANG_ENABLE_MODULES = YES;
				CLANG_ENABLE_OBJC_ARC = YES;
				CLANG_ENABLE_OBJC_WEAK = YES;
				CLANG_WARN_BLOCK_CAPTURE_AUTORELEASING = YES;
				CLANG_WARN_BOOL_CONVERSION = YES;
				CLANG_WARN_COMMA = YES;
				CLANG_WARN_CONSTANT_CONVERSION = YES;
				CLANG_WARN_DEPRECATED_OBJC_IMPLEMENTATIONS = YES;
				CLANG_WARN_DIRECT_OBJC_ISA_USAGE = YES_ERROR;
				CLANG_WARN_DOCUMENTATION_COMMENTS = YES;
				CLANG_WARN_EMPTY_BODY = YES;
				CLANG_WARN_ENUM_CONVERSION = YES;
				CLANG_WARN_INFINITE_RECURSION = YES;
				CLANG_WARN_INT_CONVERSION = YES;
				CLANG_WARN_NON_LITERAL_NULL_CONVERSION = YES;
				CLANG_WARN_OBJC_IMPLICIT_RETAIN_SELF = YES;
				CLANG_WARN_OBJC_LITERAL_CONVERSION = YES;
				CLANG_WARN_OBJC_ROOT_CLASS = YES_ERROR;
				CLANG_WARN_QUOTED_INCLUDE_IN_FRAMEWORK_HEADER = YES;
				CLANG_WARN_RANGE_LOOP_ANALYSIS = YES;
				CLANG_WARN_STRICT_PROTOTYPES = YES;
				CLANG_WARN_SUSPICIOUS_MOVE = YES;
				CLANG_WARN_UNGUARDED_AVAILABILITY = YES_AGGRESSIVE;
				CLANG_WARN_UNREACHABLE_CODE = YES;
				CLANG_WARN__DUPLICATE_METHOD_MATCH = YES;
				COPY_PHASE_STRIP = NO;
				DEBUG_INFORMATION_FORMAT = "dwarf-with-dsym";
				ENABLE_NS_ASSERTIONS = NO;
				ENABLE_STRICT_OBJC_MSGSEND = YES;
				GCC_C_LANGUAGE_STANDARD = gnu11;
				GCC_NO_COMMON_BLOCKS = YES;
				GCC_WARN_64_TO_32_BIT_CONVERSION = YES;
				GCC_WARN_ABOUT_RETURN_TYPE = YES_ERROR;
				GCC_WARN_UNDECLARED_SELECTOR = YES;
				GCC_WARN_UNINITIALIZED_AUTOS = YES_AGGRESSIVE;
				GCC_WARN_UNUSED_FUNCTION = YES;
				GCC_WARN_UNUSED_VARIABLE = YES;
				IPHONEOS_DEPLOYMENT_TARGET = 16.0;
				MTL_ENABLE_DEBUG_INFO = NO;
				MTL_FAST_MATH = YES;
				SDKROOT = iphoneos;
				SWIFT_COMPILATION_MODE = wholemodule;
				SWIFT_OPTIMIZATION_LEVEL = "-O";
				VALIDATE_PRODUCT = YES;
			};
			name = Release;
		};
		AF3F71A728D78CB100000559 /* Debug */ = {
			isa = XCBuildConfiguration;
			buildSettings = {
				ASSETCATALOG_COMPILER_APPICON_NAME = AppIcon;
				ASSETCATALOG_COMPILER_GLOBAL_ACCENT_COLOR_NAME = AccentColor;
				CODE_SIGN_STYLE = Automatic;
				CURRENT_PROJECT_VERSION = 1;
				DEVELOPMENT_TEAM = QQAZR43YM7;
				GENERATE_INFOPLIST_FILE = YES;
				INFOPLIST_FILE = "Gesturedeck app/Info.plist";
				INFOPLIST_KEY_UIApplicationSupportsIndirectInputEvents = YES;
				INFOPLIST_KEY_UILaunchStoryboardName = LaunchScreen;
				INFOPLIST_KEY_UIMainStoryboardFile = Main;
				INFOPLIST_KEY_UISupportedInterfaceOrientations_iPad = "UIInterfaceOrientationPortrait UIInterfaceOrientationPortraitUpsideDown UIInterfaceOrientationLandscapeLeft UIInterfaceOrientationLandscapeRight";
				INFOPLIST_KEY_UISupportedInterfaceOrientations_iPhone = "UIInterfaceOrientationPortrait UIInterfaceOrientationLandscapeLeft UIInterfaceOrientationLandscapeRight";
				IPHONEOS_DEPLOYMENT_TARGET = 13.0;
				LD_RUNPATH_SEARCH_PATHS = (
					"$(inherited)",
					"@executable_path/Frameworks",
				);
				MARKETING_VERSION = 1.0;
				PRODUCT_BUNDLE_IDENTIFIER = "com.navideck.Gesturedeck-app";
				PRODUCT_NAME = "$(TARGET_NAME)";
				SWIFT_EMIT_LOC_STRINGS = YES;
				SWIFT_VERSION = 5.0;
				TARGETED_DEVICE_FAMILY = "1,2";
			};
			name = Debug;
		};
		AF3F71A828D78CB100000559 /* Release */ = {
			isa = XCBuildConfiguration;
			buildSettings = {
				ASSETCATALOG_COMPILER_APPICON_NAME = AppIcon;
				ASSETCATALOG_COMPILER_GLOBAL_ACCENT_COLOR_NAME = AccentColor;
				CODE_SIGN_STYLE = Automatic;
				CURRENT_PROJECT_VERSION = 1;
				DEVELOPMENT_TEAM = QQAZR43YM7;
				GENERATE_INFOPLIST_FILE = YES;
				INFOPLIST_FILE = "Gesturedeck app/Info.plist";
				INFOPLIST_KEY_UIApplicationSupportsIndirectInputEvents = YES;
				INFOPLIST_KEY_UILaunchStoryboardName = LaunchScreen;
				INFOPLIST_KEY_UIMainStoryboardFile = Main;
				INFOPLIST_KEY_UISupportedInterfaceOrientations_iPad = "UIInterfaceOrientationPortrait UIInterfaceOrientationPortraitUpsideDown UIInterfaceOrientationLandscapeLeft UIInterfaceOrientationLandscapeRight";
				INFOPLIST_KEY_UISupportedInterfaceOrientations_iPhone = "UIInterfaceOrientationPortrait UIInterfaceOrientationLandscapeLeft UIInterfaceOrientationLandscapeRight";
				IPHONEOS_DEPLOYMENT_TARGET = 13.0;
				LD_RUNPATH_SEARCH_PATHS = (
					"$(inherited)",
					"@executable_path/Frameworks",
				);
				MARKETING_VERSION = 1.0;
				PRODUCT_BUNDLE_IDENTIFIER = "com.navideck.Gesturedeck-app";
				PRODUCT_NAME = "$(TARGET_NAME)";
				SWIFT_EMIT_LOC_STRINGS = YES;
				SWIFT_VERSION = 5.0;
				TARGETED_DEVICE_FAMILY = "1,2";
			};
			name = Release;
		};
/* End XCBuildConfiguration section */

/* Begin XCConfigurationList section */
		AF3F718D28D78CB000000559 /* Build configuration list for PBXProject "Gesturedeck app" */ = {
			isa = XCConfigurationList;
			buildConfigurations = (
				AF3F71A428D78CB100000559 /* Debug */,
				AF3F71A528D78CB100000559 /* Release */,
			);
			defaultConfigurationIsVisible = 0;
			defaultConfigurationName = Release;
		};
		AF3F71A628D78CB100000559 /* Build configuration list for PBXNativeTarget "Gesturedeck app" */ = {
			isa = XCConfigurationList;
			buildConfigurations = (
				AF3F71A728D78CB100000559 /* Debug */,
				AF3F71A828D78CB100000559 /* Release */,
			);
			defaultConfigurationIsVisible = 0;
			defaultConfigurationName = Release;
		};
/* End XCConfigurationList section */
	};
	rootObject = AF3F718A28D78CB000000559 /* Project object */;
}
