PODS:
  - Flutter (1.0.0)
  - gesturedeck_flutter (1.0.0):
    - Flutter

DEPENDENCIES:
  - Flutter (from `Flutter`)
  - gesturedeck_flutter (from `.symlinks/plugins/gesturedeck_flutter/ios`)

EXTERNAL SOURCES:
  Flutter:
    :path: Flutter
  gesturedeck_flutter:
    :path: ".symlinks/plugins/gesturedeck_flutter/ios"

SPEC CHECKSUMS:
  Flutter: 71a624a5bc0c04062bf19101d501e466baf2fb47
  gesturedeck_flutter: 2657918bbbc887cba36b68661a958986f41fd654

PODFILE CHECKSUM: a938cb79d452854fa9f13c14ded5e356e38f0fc7

COCOAPODS: 1.16.2
