PODS:
  - Flutter (1.0.0)
  - gesturedeck (0.0.1):
    - Flutter
    - GesturedeckSDK
  - GesturedeckSDK (0.0.1)

DEPENDENCIES:
  - Flutter (from `Flutter`)
  - gesturedeck (from `.symlinks/plugins/gesturedeck/ios`)
  - GesturedeckSDK (from `../../../Gesturedeck iOS/gesturedeck-ios`)

EXTERNAL SOURCES:
  Flutter:
    :path: Flutter
  gesturedeck:
    :path: ".symlinks/plugins/gesturedeck/ios"
  GesturedeckSDK:
    :path: "../../../Gesturedeck iOS/gesturedeck-ios"

SPEC CHECKSUMS:
  Flutter: f04841e97a9d0b0a8025694d0796dd46242b2854
  gesturedeck: 3a2d967d68d17d92d71b2b7b507b25d62d2761fd
  GesturedeckSDK: b4956d1fba2bcd7a2f4700f544350e9db769f4a7

PODFILE CHECKSUM: e926b96bf313b264310c830e3f2fc6863895ab09

COCOAPODS: 1.11.3
